
Microsoft Visual Studio Solution File, Format Version 12.00
# Visual Studio Version 16
VisualStudioVersion = 16.0.33130.400
MinimumVisualStudioVersion = 10.0.40219.1
Project("{FAE04EC0-301F-11D3-BF4B-00C04F79EFBC}") = "GrpcCert", "GrpcCert\GrpcCert.csproj", "{7F3417E5-A098-49A0-BDF5-D7B984C17114}"
EndProject
Project("{FAE04EC0-301F-11D3-BF4B-00C04F79EFBC}") = "GrpcClient", "GrpcClient\GrpcClient.csproj", "{238B715A-312E-4264-B14D-C4FC6AD4ED75}"
EndProject
Global
	GlobalSection(SolutionConfigurationPlatforms) = preSolution
		Debug|Any CPU = Debug|Any CPU
		Release|Any CPU = Release|Any CPU
	EndGlobalSection
	GlobalSection(ProjectConfigurationPlatforms) = postSolution
		{7F3417E5-A098-49A0-BDF5-D7B984C17114}.Debug|Any CPU.ActiveCfg = Debug|Any CPU
		{7F3417E5-A098-49A0-BDF5-D7B984C17114}.Debug|Any CPU.Build.0 = Debug|Any CPU
		{7F3417E5-A098-49A0-BDF5-D7B984C17114}.Release|Any CPU.ActiveCfg = Release|Any CPU
		{7F3417E5-A098-49A0-BDF5-D7B984C17114}.Release|Any CPU.Build.0 = Release|Any CPU
		{238B715A-312E-4264-B14D-C4FC6AD4ED75}.Debug|Any CPU.ActiveCfg = Debug|Any CPU
		{238B715A-312E-4264-B14D-C4FC6AD4ED75}.Debug|Any CPU.Build.0 = Debug|Any CPU
		{238B715A-312E-4264-B14D-C4FC6AD4ED75}.Release|Any CPU.ActiveCfg = Release|Any CPU
		{238B715A-312E-4264-B14D-C4FC6AD4ED75}.Release|Any CPU.Build.0 = Release|Any CPU
	EndGlobalSection
	GlobalSection(SolutionProperties) = preSolution
		HideSolutionNode = FALSE
	EndGlobalSection
	GlobalSection(ExtensibilityGlobals) = postSolution
		SolutionGuid = {6989AC82-FA57-4025-A2ED-499F727E758B}
	EndGlobalSection
EndGlobal
